Microsoft Visual Studio Solution File, Format Version 12.00
# Visual Studio Version 17
VisualStudioVersion = 17.5.2.0
MinimumVisualStudioVersion = 10.0.40219.1
Project("{FAE04EC0-301F-11D3-BF4B-00C04F79EFBC}") = "SV_SOUL", "SV_SOUL.csproj", "{34C06AB3-144B-97BF-D737-93C817BCDD42}"
EndProject
Global
	GlobalSection(SolutionConfigurationPlatforms) = preSolution
		Debug|Any CPU = Debug|Any CPU
		Release|Any CPU = Release|Any CPU
	EndGlobalSection
	GlobalSection(ProjectConfigurationPlatforms) = postSolution
		{34C06AB3-144B-97BF-D737-93C817BCDD42}.Debug|Any CPU.ActiveCfg = Debug|Any CPU
		{34C06AB3-144B-97BF-D737-93C817BCDD42}.Debug|Any CPU.Build.0 = Debug|Any CPU
		{34C06AB3-144B-97BF-D737-93C817BCDD42}.Release|Any CPU.ActiveCfg = Release|Any CPU
		{34C06AB3-144B-97BF-D737-93C817BCDD42}.Release|Any CPU.Build.0 = Release|Any CPU
	EndGlobalSection
	GlobalSection(SolutionProperties) = preSolution
		HideSolutionNode = FALSE
	EndGlobalSection
	GlobalSection(ExtensibilityGlobals) = postSolution
		SolutionGuid = {F7529D39-403B-487A-8287-CD0CACB89744}
	EndGlobalSection
EndGlobal
